{
    "name": "@rfsolutions/stenciljs",
    "version": "0.0.10",
    "lockfileVersion": 1,
    "requires": true,
    "dependencies": {
        "@stencil/core": {
            "version": "2.3.0",
            "resolved": "https://registry.npmjs.org/@stencil/core/-/core-2.3.0.tgz",
            "integrity": "sha512-VZ/Ox0E1kngcmHbJhHUufuLELi+xG3of3LuRI3X2AMWyE82JUVYlOEsQci/YBZWpfc9BS9I36R88prBew22oew=="
        },
        "@stencil/sass": {
            "version": "1.4.1",
            "resolved": "https://registry.npmjs.org/@stencil/sass/-/sass-1.4.1.tgz",
            "integrity": "sha512-aFKoqtxZ/8BRbvNFiWRycGiqvMI22Ifn5qsKfq0U23j43XD81jT6d7K0WQd55ejNpoSpdxJcbOuFgQy3mXizfA=="
        },
        "bootstrap": {
            "version": "4.5.3",
            "resolved": "https://registry.npmjs.org/bootstrap/-/bootstrap-4.5.3.tgz",
            "integrity": "sha512-o9ppKQioXGqhw8Z7mah6KdTYpNQY//tipnkxppWhPbiSWdD+1raYsnhwEZjkTHYbGee4cVQ0Rx65EhOY/HNLcQ=="
        },
        "bs-components": {
            "version": "0.1.7",
            "resolved": "https://registry.npmjs.org/bs-components/-/bs-components-0.1.7.tgz",
            "integrity": "sha512-DQt4RVgBgryNboiOSB4oZAkOuhjb6KrSfPyEAoXU/oSEuWMIQuN17LLjsL1WVWcnmDJzVkJ46FQZBLWxL9GpDA==",
            "requires": {
                "lodash": "^4.17.10",
                "popper.js": "^1.14.4"
            }
        },
        "dom7": {
            "version": "3.0.0",
            "resolved": "https://registry.npmjs.org/dom7/-/dom7-3.0.0.tgz",
            "integrity": "sha512-oNlcUdHsC4zb7Msx7JN3K0Nro1dzJ48knvBOnDPKJ2GV9wl1i5vydJZUSyOfrkKFDZEud/jBsTk92S/VGSAe/g==",
            "requires": {
                "ssr-window": "^3.0.0-alpha.1"
            }
        },
        "jquery": {
            "version": "3.5.1",
            "resolved": "https://registry.npmjs.org/jquery/-/jquery-3.5.1.tgz",
            "integrity": "sha512-XwIBPqcMn57FxfT+Go5pzySnm4KWkT1Tv7gjrpT1srtf8Weynl6R273VJ5GjkRb51IzMp5nbaPjJXMWeju2MKg=="
        },
        "lodash": {
            "version": "4.17.21",
            "resolved": "https://registry.npmjs.org/lodash/-/lodash-4.17.21.tgz",
            "integrity": "sha512-v2kDEe57lecTulaDIuNTPy3Ry4gLGJ6Z1O3vE1krgXZNrsQ+LFTGHVxVjcXPs17LhbZVGedAJv8XZ1tvj5FvSg=="
        },
        "popper.js": {
            "version": "1.16.1",
            "resolved": "https://registry.npmjs.org/popper.js/-/popper.js-1.16.1.tgz",
            "integrity": "sha512-Wb4p1J4zyFTbM+u6WuO4XstYx4Ky9Cewe4DWrel7B0w6VVICvPwdOpotjzcf6eD8TsckVnIMNONQyPIUFOUbCQ=="
        },
        "ssr-window": {
            "version": "3.0.0",
            "resolved": "https://registry.npmjs.org/ssr-window/-/ssr-window-3.0.0.tgz",
            "integrity": "sha512-q+8UfWDg9Itrg0yWK7oe5p/XRCJpJF9OBtXfOPgSJl+u3Xd5KI328RUEvUqSMVM9CiQUEf1QdBzJMkYGErj9QA=="
        },
        "swiper": {
            "version": "6.4.5",
            "resolved": "https://registry.npmjs.org/swiper/-/swiper-6.4.5.tgz",
            "integrity": "sha512-MJIY0aXF6UKgUM+/tgwtOxI21fwRiT6QX2decd6m2L9OGA7jLBks8E0CuUuRqpQfmTInQrBPnBy8dqgOtr2O0w==",
            "requires": {
                "dom7": "^3.0.0",
                "ssr-window": "^3.0.0",
                "tslib": "^2.0.0"
            }
        },
        "tslib": {
            "version": "2.1.0",
            "resolved": "https://registry.npmjs.org/tslib/-/tslib-2.1.0.tgz",
            "integrity": "sha512-hcVC3wYEziELGGmEEXue7D75zbwIIVUMWAVbHItGPx0ziyXxrOMQx4rQEVEV45Ut/1IotuEvwqPopzIOkDMf0A=="
        }
    }
}
